
Microsoft Visual Studio Solution File, Format Version 12.00
# Visual Studio Version 17
VisualStudioVersion = 17.0.31808.319
MinimumVisualStudioVersion = 10.0.40219.1
Project("{FAE04EC0-301F-11D3-BF4B-00C04F79EFBC}") = "BL17", "BL17\BL17.csproj", "{AC4F644E-7003-48AA-9C75-047501FFD9F0}"
EndProject
Global
	GlobalSection(SolutionConfigurationPlatforms) = preSolution
		Debug|Any CPU = Debug|Any CPU
		Release|Any CPU = Release|Any CPU
	EndGlobalSection
	GlobalSection(ProjectConfigurationPlatforms) = postSolution
		{AC4F644E-7003-48AA-9C75-047501FFD9F0}.Debug|Any CPU.ActiveCfg = Debug|Any CPU
		{AC4F644E-7003-48AA-9C75-047501FFD9F0}.Debug|Any CPU.Build.0 = Debug|Any CPU
		{AC4F644E-7003-48AA-9C75-047501FFD9F0}.Release|Any CPU.ActiveCfg = Release|Any CPU
		{AC4F644E-7003-48AA-9C75-047501FFD9F0}.Release|Any CPU.Build.0 = Release|Any CPU
	EndGlobalSection
	GlobalSection(SolutionProperties) = preSolution
		HideSolutionNode = FALSE
	EndGlobalSection
	GlobalSection(ExtensibilityGlobals) = postSolution
		SolutionGuid = {FD9B24BB-92BB-4B11-84E6-3C68BD6FC9CD}
	EndGlobalSection
EndGlobal
