
Microsoft Visual Studio Solution File, Format Version 12.00
# Visual Studio Version 16
VisualStudioVersion = 16.0.31402.337
MinimumVisualStudioVersion = 10.0.40219.1
Project("{FAE04EC0-301F-11D3-BF4B-00C04F79EFBC}") = "BL13", "BL13\BL13.csproj", "{AAA29511-F55A-43A5-A19C-ED83BF9980C4}"
EndProject
Global
	GlobalSection(SolutionConfigurationPlatforms) = preSolution
		Debug|Any CPU = Debug|Any CPU
		Release|Any CPU = Release|Any CPU
	EndGlobalSection
	GlobalSection(ProjectConfigurationPlatforms) = postSolution
		{AAA29511-F55A-43A5-A19C-ED83BF9980C4}.Debug|Any CPU.ActiveCfg = Debug|Any CPU
		{AAA29511-F55A-43A5-A19C-ED83BF9980C4}.Debug|Any CPU.Build.0 = Debug|Any CPU
		{AAA29511-F55A-43A5-A19C-ED83BF9980C4}.Release|Any CPU.ActiveCfg = Release|Any CPU
		{AAA29511-F55A-43A5-A19C-ED83BF9980C4}.Release|Any CPU.Build.0 = Release|Any CPU
	EndGlobalSection
	GlobalSection(SolutionProperties) = preSolution
		HideSolutionNode = FALSE
	EndGlobalSection
	GlobalSection(ExtensibilityGlobals) = postSolution
		SolutionGuid = {84D6D680-B62D-485A-A218-E2E12CD55EF1}
	EndGlobalSection
EndGlobal
