
Microsoft Visual Studio Solution File, Format Version 12.00
# Visual Studio Version 16
VisualStudioVersion = 16.0.31402.337
MinimumVisualStudioVersion = 10.0.40219.1
Project("{FAE04EC0-301F-11D3-BF4B-00C04F79EFBC}") = "BL15", "BL15\BL15.csproj", "{E3957DA8-8F36-435D-8F79-85DA30D886EF}"
EndProject
Global
	GlobalSection(SolutionConfigurationPlatforms) = preSolution
		Debug|Any CPU = Debug|Any CPU
		Release|Any CPU = Release|Any CPU
	EndGlobalSection
	GlobalSection(ProjectConfigurationPlatforms) = postSolution
		{E3957DA8-8F36-435D-8F79-85DA30D886EF}.Debug|Any CPU.ActiveCfg = Debug|Any CPU
		{E3957DA8-8F36-435D-8F79-85DA30D886EF}.Debug|Any CPU.Build.0 = Debug|Any CPU
		{E3957DA8-8F36-435D-8F79-85DA30D886EF}.Release|Any CPU.ActiveCfg = Release|Any CPU
		{E3957DA8-8F36-435D-8F79-85DA30D886EF}.Release|Any CPU.Build.0 = Release|Any CPU
	EndGlobalSection
	GlobalSection(SolutionProperties) = preSolution
		HideSolutionNode = FALSE
	EndGlobalSection
	GlobalSection(ExtensibilityGlobals) = postSolution
		SolutionGuid = {FE37A881-CCC3-4D24-9459-AE110A770D05}
	EndGlobalSection
EndGlobal
