
Microsoft Visual Studio Solution File, Format Version 12.00
# Visual Studio Version 17
VisualStudioVersion = 17.0.31808.319
MinimumVisualStudioVersion = 10.0.40219.1
Project("{FAE04EC0-301F-11D3-BF4B-00C04F79EFBC}") = "BL07", "BL07\BL07.csproj", "{BED4519C-400B-4469-9FBE-02674D7059F3}"
EndProject
Global
	GlobalSection(SolutionConfigurationPlatforms) = preSolution
		Debug|Any CPU = Debug|Any CPU
		Release|Any CPU = Release|Any CPU
	EndGlobalSection
	GlobalSection(ProjectConfigurationPlatforms) = postSolution
		{BED4519C-400B-4469-9FBE-02674D7059F3}.Debug|Any CPU.ActiveCfg = Debug|Any CPU
		{BED4519C-400B-4469-9FBE-02674D7059F3}.Debug|Any CPU.Build.0 = Debug|Any CPU
		{BED4519C-400B-4469-9FBE-02674D7059F3}.Release|Any CPU.ActiveCfg = Release|Any CPU
		{BED4519C-400B-4469-9FBE-02674D7059F3}.Release|Any CPU.Build.0 = Release|Any CPU
	EndGlobalSection
	GlobalSection(SolutionProperties) = preSolution
		HideSolutionNode = FALSE
	EndGlobalSection
	GlobalSection(ExtensibilityGlobals) = postSolution
		SolutionGuid = {50DCD89D-048F-4B1E-8EA3-3498980CBEA5}
	EndGlobalSection
EndGlobal
