
Microsoft Visual Studio Solution File, Format Version 12.00
# Visual Studio Version 17
VisualStudioVersion = 17.0.31808.319
MinimumVisualStudioVersion = 10.0.40219.1
Project("{FAE04EC0-301F-11D3-BF4B-00C04F79EFBC}") = "BL02", "BL02\BL02.csproj", "{8BBAF4C5-1884-46DD-8C5A-303FA60C8029}"
EndProject
Global
	GlobalSection(SolutionConfigurationPlatforms) = preSolution
		Debug|Any CPU = Debug|Any CPU
		Release|Any CPU = Release|Any CPU
	EndGlobalSection
	GlobalSection(ProjectConfigurationPlatforms) = postSolution
		{8BBAF4C5-1884-46DD-8C5A-303FA60C8029}.Debug|Any CPU.ActiveCfg = Debug|Any CPU
		{8BBAF4C5-1884-46DD-8C5A-303FA60C8029}.Debug|Any CPU.Build.0 = Debug|Any CPU
		{8BBAF4C5-1884-46DD-8C5A-303FA60C8029}.Release|Any CPU.ActiveCfg = Release|Any CPU
		{8BBAF4C5-1884-46DD-8C5A-303FA60C8029}.Release|Any CPU.Build.0 = Release|Any CPU
	EndGlobalSection
	GlobalSection(SolutionProperties) = preSolution
		HideSolutionNode = FALSE
	EndGlobalSection
	GlobalSection(ExtensibilityGlobals) = postSolution
		SolutionGuid = {7FDBDA21-C2A1-43EB-9AFC-6A0443825DDE}
	EndGlobalSection
EndGlobal
