
Microsoft Visual Studio Solution File, Format Version 12.00
# Visual Studio Version 16
VisualStudioVersion = 16.0.31402.337
MinimumVisualStudioVersion = 10.0.40219.1
Project("{FAE04EC0-301F-11D3-BF4B-00C04F79EFBC}") = "BL14", "BL14\BL14.csproj", "{AC80BB20-E7F7-47C5-B9BB-124B66BCDADF}"
EndProject
Global
	GlobalSection(SolutionConfigurationPlatforms) = preSolution
		Debug|Any CPU = Debug|Any CPU
		Release|Any CPU = Release|Any CPU
	EndGlobalSection
	GlobalSection(ProjectConfigurationPlatforms) = postSolution
		{AC80BB20-E7F7-47C5-B9BB-124B66BCDADF}.Debug|Any CPU.ActiveCfg = Debug|Any CPU
		{AC80BB20-E7F7-47C5-B9BB-124B66BCDADF}.Debug|Any CPU.Build.0 = Debug|Any CPU
		{AC80BB20-E7F7-47C5-B9BB-124B66BCDADF}.Release|Any CPU.ActiveCfg = Release|Any CPU
		{AC80BB20-E7F7-47C5-B9BB-124B66BCDADF}.Release|Any CPU.Build.0 = Release|Any CPU
	EndGlobalSection
	GlobalSection(SolutionProperties) = preSolution
		HideSolutionNode = FALSE
	EndGlobalSection
	GlobalSection(ExtensibilityGlobals) = postSolution
		SolutionGuid = {7E277E7F-6632-48B9-A810-D810E9E1A573}
	EndGlobalSection
EndGlobal
