
Microsoft Visual Studio Solution File, Format Version 12.00
# Visual Studio Version 16
VisualStudioVersion = 16.0.31402.337
MinimumVisualStudioVersion = 10.0.40219.1
Project("{FAE04EC0-301F-11D3-BF4B-00C04F79EFBC}") = "BL11", "BL11\BL11.csproj", "{D364B52A-8166-4A2A-A029-DFF72E54E683}"
EndProject
Global
	GlobalSection(SolutionConfigurationPlatforms) = preSolution
		Debug|Any CPU = Debug|Any CPU
		Release|Any CPU = Release|Any CPU
	EndGlobalSection
	GlobalSection(ProjectConfigurationPlatforms) = postSolution
		{D364B52A-8166-4A2A-A029-DFF72E54E683}.Debug|Any CPU.ActiveCfg = Debug|Any CPU
		{D364B52A-8166-4A2A-A029-DFF72E54E683}.Debug|Any CPU.Build.0 = Debug|Any CPU
		{D364B52A-8166-4A2A-A029-DFF72E54E683}.Release|Any CPU.ActiveCfg = Release|Any CPU
		{D364B52A-8166-4A2A-A029-DFF72E54E683}.Release|Any CPU.Build.0 = Release|Any CPU
	EndGlobalSection
	GlobalSection(SolutionProperties) = preSolution
		HideSolutionNode = FALSE
	EndGlobalSection
	GlobalSection(ExtensibilityGlobals) = postSolution
		SolutionGuid = {887D1841-2676-4E8D-8859-83585AB3A113}
	EndGlobalSection
EndGlobal
